
Microsoft Visual Studio Solution File, Format Version 12.00
# Visual Studio Version 17
VisualStudioVersion = 17.10.35013.160
MinimumVisualStudioVersion = 10.0.40219.1
Project("{9A19103F-16F7-4668-BE54-9A1E7A4F7556}") = "VibeNet", "VibeNet\VibeNet.csproj", "{B37E82C3-193E-4CB5-80EA-5409ED210325}"
EndProject
Project("{9A19103F-16F7-4668-BE54-9A1E7A4F7556}") = "VibeNet.Core", "VibeNet.Core\VibeNet.Core.csproj", "{9F13F0F2-B3C4-40C3-8B15-39A9297A3521}"
EndProject
Project("{9A19103F-16F7-4668-BE54-9A1E7A4F7556}") = "VibeNet.Infrastucture", "VibeNetInfrastucture\VibeNet.Infrastucture.csproj", "{5B67AACF-4A66-455A-8BF8-5590632FAF55}"
EndProject
Project("{FAE04EC0-301F-11D3-BF4B-00C04F79EFBC}") = "VibeNet.ViewModels", "VibeNet.ViewModels\VibeNet.ViewModels.csproj", "{0426CE5E-52A7-40AA-BC59-25BC47910D68}"
EndProject
Global
	GlobalSection(SolutionConfigurationPlatforms) = preSolution
		Debug|Any CPU = Debug|Any CPU
		Release|Any CPU = Release|Any CPU
	EndGlobalSection
	GlobalSection(ProjectConfigurationPlatforms) = postSolution
		{B37E82C3-193E-4CB5-80EA-5409ED210325}.Debug|Any CPU.ActiveCfg = Debug|Any CPU
		{B37E82C3-193E-4CB5-80EA-5409ED210325}.Debug|Any CPU.Build.0 = Debug|Any CPU
		{B37E82C3-193E-4CB5-80EA-5409ED210325}.Release|Any CPU.ActiveCfg = Release|Any CPU
		{B37E82C3-193E-4CB5-80EA-5409ED210325}.Release|Any CPU.Build.0 = Release|Any CPU
		{9F13F0F2-B3C4-40C3-8B15-39A9297A3521}.Debug|Any CPU.ActiveCfg = Debug|Any CPU
		{9F13F0F2-B3C4-40C3-8B15-39A9297A3521}.Debug|Any CPU.Build.0 = Debug|Any CPU
		{9F13F0F2-B3C4-40C3-8B15-39A9297A3521}.Release|Any CPU.ActiveCfg = Release|Any CPU
		{9F13F0F2-B3C4-40C3-8B15-39A9297A3521}.Release|Any CPU.Build.0 = Release|Any CPU
		{5B67AACF-4A66-455A-8BF8-5590632FAF55}.Debug|Any CPU.ActiveCfg = Debug|Any CPU
		{5B67AACF-4A66-455A-8BF8-5590632FAF55}.Debug|Any CPU.Build.0 = Debug|Any CPU
		{5B67AACF-4A66-455A-8BF8-5590632FAF55}.Release|Any CPU.ActiveCfg = Release|Any CPU
		{5B67AACF-4A66-455A-8BF8-5590632FAF55}.Release|Any CPU.Build.0 = Release|Any CPU
		{0426CE5E-52A7-40AA-BC59-25BC47910D68}.Debug|Any CPU.ActiveCfg = Debug|Any CPU
		{0426CE5E-52A7-40AA-BC59-25BC47910D68}.Debug|Any CPU.Build.0 = Debug|Any CPU
		{0426CE5E-52A7-40AA-BC59-25BC47910D68}.Release|Any CPU.ActiveCfg = Release|Any CPU
		{0426CE5E-52A7-40AA-BC59-25BC47910D68}.Release|Any CPU.Build.0 = Release|Any CPU
	EndGlobalSection
	GlobalSection(SolutionProperties) = preSolution
		HideSolutionNode = FALSE
	EndGlobalSection
	GlobalSection(ExtensibilityGlobals) = postSolution
		SolutionGuid = {C5A8CFC0-B006-4DE8-BBF3-CDB7055E0B4C}
	EndGlobalSection
EndGlobal
